
Microsoft Visual Studio Solution File, Format Version 12.00
# Visual Studio Version 16
VisualStudioVersion = 16.0.29911.84
MinimumVisualStudioVersion = 10.0.40219.1
Project("{2150E333-8FDC-42A3-9474-1A3956D46DE8}") = "src", "src", "{1ED865B8-A406-40BA-8FA1-394C0365D2AF}"
EndProject
Project("{2150E333-8FDC-42A3-9474-1A3956D46DE8}") = "test", "test", "{C54DBAD5-F6B3-41A6-8E2D-5994F2D76AAF}"
EndProject
Project("{FAE04EC0-301F-11D3-BF4B-00C04F79EFBC}") = "Juros.Taxa", "src\Juros.Taxa\Juros.Taxa.csproj", "{1A4833E3-6F77-40D3-BDD7-83B33782F9AF}"
EndProject
Project("{FAE04EC0-301F-11D3-BF4B-00C04F79EFBC}") = "Juros.Calculo", "src\Juros.Calculo\Juros.Calculo.csproj", "{DDEA9C05-A5B7-46DA-B7E0-A0A8D2DA9410}"
EndProject
Project("{FAE04EC0-301F-11D3-BF4B-00C04F79EFBC}") = "Juros.Calculo.Test", "XUnitTestJuros\Juros.Calculo.Test.csproj", "{AA765976-FF93-4E1F-B5DF-02E72201ADCE}"
EndProject
Project("{E53339B2-1760-4266-BCC7-CA923CBCF16C}") = "docker-compose", "docker-compose.dcproj", "{2A448830-FA51-447B-97E4-D887C51736A5}"
EndProject
Project("{2150E333-8FDC-42A3-9474-1A3956D46DE8}") = "docker", "docker", "{342A3559-3B99-4924-94E5-1B1C3419B5BB}"
EndProject
Global
	GlobalSection(SolutionConfigurationPlatforms) = preSolution
		Debug|Any CPU = Debug|Any CPU
		Release|Any CPU = Release|Any CPU
	EndGlobalSection
	GlobalSection(ProjectConfigurationPlatforms) = postSolution
		{1A4833E3-6F77-40D3-BDD7-83B33782F9AF}.Debug|Any CPU.ActiveCfg = Debug|Any CPU
		{1A4833E3-6F77-40D3-BDD7-83B33782F9AF}.Debug|Any CPU.Build.0 = Debug|Any CPU
		{1A4833E3-6F77-40D3-BDD7-83B33782F9AF}.Release|Any CPU.ActiveCfg = Release|Any CPU
		{1A4833E3-6F77-40D3-BDD7-83B33782F9AF}.Release|Any CPU.Build.0 = Release|Any CPU
		{DDEA9C05-A5B7-46DA-B7E0-A0A8D2DA9410}.Debug|Any CPU.ActiveCfg = Debug|Any CPU
		{DDEA9C05-A5B7-46DA-B7E0-A0A8D2DA9410}.Debug|Any CPU.Build.0 = Debug|Any CPU
		{DDEA9C05-A5B7-46DA-B7E0-A0A8D2DA9410}.Release|Any CPU.ActiveCfg = Release|Any CPU
		{DDEA9C05-A5B7-46DA-B7E0-A0A8D2DA9410}.Release|Any CPU.Build.0 = Release|Any CPU
		{AA765976-FF93-4E1F-B5DF-02E72201ADCE}.Debug|Any CPU.ActiveCfg = Debug|Any CPU
		{AA765976-FF93-4E1F-B5DF-02E72201ADCE}.Debug|Any CPU.Build.0 = Debug|Any CPU
		{AA765976-FF93-4E1F-B5DF-02E72201ADCE}.Release|Any CPU.ActiveCfg = Release|Any CPU
		{AA765976-FF93-4E1F-B5DF-02E72201ADCE}.Release|Any CPU.Build.0 = Release|Any CPU
		{2A448830-FA51-447B-97E4-D887C51736A5}.Debug|Any CPU.ActiveCfg = Debug|Any CPU
		{2A448830-FA51-447B-97E4-D887C51736A5}.Debug|Any CPU.Build.0 = Debug|Any CPU
		{2A448830-FA51-447B-97E4-D887C51736A5}.Release|Any CPU.ActiveCfg = Release|Any CPU
		{2A448830-FA51-447B-97E4-D887C51736A5}.Release|Any CPU.Build.0 = Release|Any CPU
	EndGlobalSection
	GlobalSection(SolutionProperties) = preSolution
		HideSolutionNode = FALSE
	EndGlobalSection
	GlobalSection(NestedProjects) = preSolution
		{1A4833E3-6F77-40D3-BDD7-83B33782F9AF} = {1ED865B8-A406-40BA-8FA1-394C0365D2AF}
		{DDEA9C05-A5B7-46DA-B7E0-A0A8D2DA9410} = {1ED865B8-A406-40BA-8FA1-394C0365D2AF}
		{AA765976-FF93-4E1F-B5DF-02E72201ADCE} = {C54DBAD5-F6B3-41A6-8E2D-5994F2D76AAF}
		{2A448830-FA51-447B-97E4-D887C51736A5} = {342A3559-3B99-4924-94E5-1B1C3419B5BB}
	EndGlobalSection
	GlobalSection(ExtensibilityGlobals) = postSolution
		SolutionGuid = {06D9A714-8051-4516-AA08-037D21141F72}
	EndGlobalSection
EndGlobal
